
Microsoft Visual Studio Solution File, Format Version 12.00
# Visual Studio 15
VisualStudioVersion = 15.0.28307.2017
MinimumVisualStudioVersion = 10.0.40219.1
Project("{FAE04EC0-301F-11D3-BF4B-00C04F79EFBC}") = "WpfApp1", "WpfApp1\WpfApp1.csproj", "{4C797AD7-84E7-488B-AE39-E927B9E55110}"
EndProject
Global
	GlobalSection(SolutionConfigurationPlatforms) = preSolution
		Debug|Any CPU = Debug|Any CPU
		Release|Any CPU = Release|Any CPU
	EndGlobalSection
	GlobalSection(ProjectConfigurationPlatforms) = postSolution
		{4C797AD7-84E7-488B-AE39-E927B9E55110}.Debug|Any CPU.ActiveCfg = Debug|Any CPU
		{4C797AD7-84E7-488B-AE39-E927B9E55110}.Debug|Any CPU.Build.0 = Debug|Any CPU
		{4C797AD7-84E7-488B-AE39-E927B9E55110}.Release|Any CPU.ActiveCfg = Release|Any CPU
		{4C797AD7-84E7-488B-AE39-E927B9E55110}.Release|Any CPU.Build.0 = Release|Any CPU
	EndGlobalSection
	GlobalSection(SolutionProperties) = preSolution
		HideSolutionNode = FALSE
	EndGlobalSection
	GlobalSection(ExtensibilityGlobals) = postSolution
		SolutionGuid = {56A83700-A8B0-4C35-B997-897E7328591A}
	EndGlobalSection
EndGlobal
